
Microsoft Visual Studio Solution File, Format Version 12.00
# Visual Studio Version 16
VisualStudioVersion = 16.0.29403.142
MinimumVisualStudioVersion = 10.0.40219.1
Project("{9A19103F-16F7-4668-BE54-9A1E7A4F7556}") = "WordGuess", "WordGuess\WordGuess.csproj", "{97E7BA2A-8C3F-4D8C-9B36-F8D6E280316F}"
EndProject
Project("{9A19103F-16F7-4668-BE54-9A1E7A4F7556}") = "TestWordGuess", "TestWordGuess\TestWordGuess.csproj", "{1A5C5C9A-061A-4C1B-9990-134AEECAD1E6}"
EndProject
Project("{2150E333-8FDC-42A3-9474-1A3956D46DE8}") = "Solution Items", "Solution Items", "{8F329648-3785-44E5-B6A3-5AB9D044767F}"
EndProject
Global
	GlobalSection(SolutionConfigurationPlatforms) = preSolution
		Debug|Any CPU = Debug|Any CPU
		Release|Any CPU = Release|Any CPU
	EndGlobalSection
	GlobalSection(ProjectConfigurationPlatforms) = postSolution
		{97E7BA2A-8C3F-4D8C-9B36-F8D6E280316F}.Debug|Any CPU.ActiveCfg = Debug|Any CPU
		{97E7BA2A-8C3F-4D8C-9B36-F8D6E280316F}.Debug|Any CPU.Build.0 = Debug|Any CPU
		{97E7BA2A-8C3F-4D8C-9B36-F8D6E280316F}.Release|Any CPU.ActiveCfg = Release|Any CPU
		{97E7BA2A-8C3F-4D8C-9B36-F8D6E280316F}.Release|Any CPU.Build.0 = Release|Any CPU
		{1A5C5C9A-061A-4C1B-9990-134AEECAD1E6}.Debug|Any CPU.ActiveCfg = Debug|Any CPU
		{1A5C5C9A-061A-4C1B-9990-134AEECAD1E6}.Debug|Any CPU.Build.0 = Debug|Any CPU
		{1A5C5C9A-061A-4C1B-9990-134AEECAD1E6}.Release|Any CPU.ActiveCfg = Release|Any CPU
		{1A5C5C9A-061A-4C1B-9990-134AEECAD1E6}.Release|Any CPU.Build.0 = Release|Any CPU
	EndGlobalSection
	GlobalSection(SolutionProperties) = preSolution
		HideSolutionNode = FALSE
	EndGlobalSection
	GlobalSection(ExtensibilityGlobals) = postSolution
		SolutionGuid = {210BBF54-3E5E-4706-9BDD-0BC6C4604822}
	EndGlobalSection
EndGlobal
